
Microsoft Visual Studio Solution File, Format Version 12.00
# Visual Studio 2012
Project("{FAE04EC0-301F-11D3-BF4B-00C04F79EFBC}") = "ria_musicstore", "ria_musicstore\ria_musicstore.csproj", "{C5C4456D-C6E9-4DD5-8C68-E4423283F504}"
EndProject
Project("{FAE04EC0-301F-11D3-BF4B-00C04F79EFBC}") = "ria_musicstore.Tests", "ria_musicstore.Tests\ria_musicstore.Tests.csproj", "{37599E7E-DB61-4FEA-9A4F-D9A53CC47C51}"
EndProject
Global
	GlobalSection(SolutionConfigurationPlatforms) = preSolution
		Debug|Any CPU = Debug|Any CPU
		Release|Any CPU = Release|Any CPU
	EndGlobalSection
	GlobalSection(ProjectConfigurationPlatforms) = postSolution
		{C5C4456D-C6E9-4DD5-8C68-E4423283F504}.Debug|Any CPU.ActiveCfg = Debug|Any CPU
		{C5C4456D-C6E9-4DD5-8C68-E4423283F504}.Debug|Any CPU.Build.0 = Debug|Any CPU
		{C5C4456D-C6E9-4DD5-8C68-E4423283F504}.Release|Any CPU.ActiveCfg = Release|Any CPU
		{C5C4456D-C6E9-4DD5-8C68-E4423283F504}.Release|Any CPU.Build.0 = Release|Any CPU
		{37599E7E-DB61-4FEA-9A4F-D9A53CC47C51}.Debug|Any CPU.ActiveCfg = Debug|Any CPU
		{37599E7E-DB61-4FEA-9A4F-D9A53CC47C51}.Debug|Any CPU.Build.0 = Debug|Any CPU
		{37599E7E-DB61-4FEA-9A4F-D9A53CC47C51}.Release|Any CPU.ActiveCfg = Release|Any CPU
		{37599E7E-DB61-4FEA-9A4F-D9A53CC47C51}.Release|Any CPU.Build.0 = Release|Any CPU
	EndGlobalSection
EndGlobal
